PODS:
  - ReactiveCocoa (10.0.0):
    - ReactiveSwift (~> 6.0)
  - ReactiveSwift (6.0.0)
  - SnapKit (5.0.0)

DEPENDENCIES:
  - ReactiveCocoa
  - ReactiveSwift
  - SnapKit

SPEC REPOS:
  https://github.com/cocoapods/specs.git:
    - ReactiveCocoa
    - ReactiveSwift
    - SnapKit

SPEC CHECKSUMS:
  ReactiveCocoa: 6d4c37ba236f5d9a7a55b2172cd09f19ba85f574
  ReactiveSwift: 24b7ed245617bbfd30ee0c87779b6c64ac1b4518
  SnapKit: fd22d10eb9aff484d79a8724eab922c1ddf89bcf

PODFILE CHECKSUM: 1f997528ce7cc810618a71345f981c4274072c1d

COCOAPODS: 1.7.2
